version = 1
revision = 3
requires-python = "==3.13.*"
resolution-markers = [
    "platform_machine == 'x86_64' and sys_platform == 'linux'",
]
supported-markers = [
    "platform_machine == 'x86_64' and sys_platform == 'linux'",
]
required-markers = [
    "platform_machine == 'x86_64' and sys_platform == 'linux'",
]

[[package]]
name = "safetensors"
version = "0.8.0"
source = { registry = "https://pypi.org/simple" }
wheels = [
    { url = "https://files.pythonhosted.org/packages/28/50/f203ff3a3ddfe19308efc83c5a3a29ed02bf786732ec35e68bf9162f3365/safetensors-0.8.0-cp310-abi3-manylinux_2_17_x86_64.manylinux2014_x86_64.whl", hash = "sha256:fd6f3f93c9a0a7cc2788ee63fb763353d4bd2e89b0751bc78fcf7dda00bea774", size = 516040 },
]

[[package]]
name = "semantic-search"
version = "0.1.0"
source = { virtual = "." }
dependencies = [
    { name = "safetensors", marker = "platform_machine == 'x86_64' and sys_platform == 'linux'" },
    { name = "sentence-transformers", marker = "platform_machine == 'x86_64' and sys_platform == 'linux'" },
    { name = "sqlite-vec", marker = "platform_machine == 'x86_64' and sys_platform == 'linux'" },
    { name = "tokenizers", marker = "platform_machine == 'x86_64' and sys_platform == 'linux'" },
    { name = "transformers", marker = "platform_machine == 'x86_64' and sys_platform == 'linux'" },
]

[package.metadata]
requires-dist = [
    { name = "safetensors", specifier = "==0.8.0" },
    { name = "sentence-transformers", specifier = "==5.6.0" },
    { name = "sqlite-vec", specifier = "==0.1.9" },
    { name = "tokenizers", specifier = "==0.22.2" },
    { name = "transformers", specifier = "==5.14.1" },
]

[[package]]
name = "sentence-transformers"
version = "5.6.0"
source = { registry = "https://pypi.org/simple" }
dependencies = [
    { name = "transformers" },
]
wheels = [
    { url = "https://files.pythonhosted.org/packages/76/c1/dc1582b79e9a2eb0cddf9559cd9bcdff084f541d6fe881fdd9d98630dba7/sentence_transformers-5.6.0-py3-none-any.whl", hash = "sha256:d2075b5e687a1611005e20ab04a6846994d51adfcf39610aed066af3c0c0b81f", size = 596411 },
]

[[package]]
name = "sqlite-vec"
version = "0.1.9"
source = { registry = "https://pypi.org/simple" }
wheels = [
    { url = "https://files.pythonhosted.org/packages/6f/ad/6afd073b0f817b3e03f9e37ad626ae341805891f23c74b5292818f49ac63/sqlite_vec-0.1.9-py3-none-manylinux_2_17_x86_64.manylinux2014_x86_64.manylinux1_x86_64.whl", hash = "sha256:1515727990b49e79bcaf75fdee2ffc7d461f8b66905013231251f1c8938e7786", size = 163388 },
]

[[package]]
name = "tokenizers"
version = "0.22.2"
source = { registry = "https://pypi.org/simple" }
wheels = [
    { url = "https://files.pythonhosted.org/packages/2e/76/932be4b50ef6ccedf9d3c6639b056a967a86258c6d9200643f01269211ca/tokenizers-0.22.2-cp39-abi3-manylinux_2_17_x86_64.manylinux2014_x86_64.whl", hash = "sha256:369cc9fc8cc10cb24143873a0d95438bb8ee257bb80c71989e3ee290e8d72c67", size = 3274982 },
]

[[package]]
name = "transformers"
version = "5.14.1"
source = { registry = "https://pypi.org/simple" }
dependencies = [
    { name = "safetensors" },
    { name = "tokenizers" },
]
wheels = [
    { url = "https://files.pythonhosted.org/packages/6f/67/8d85ca2323233ae3c0365a659c4e52ee1f587b440e4bc577e7d8e4416d0f/transformers-5.14.1-py3-none-any.whl", hash = "sha256:9db974c4079ede2d1a3ea7ca5a240df33f2cc26fc2b36ba64c5f2a4f43b6e725", size = 11625234 },
]
